// !$*UTF8*$!
{
	archiveVersion = 1;
	classes = {
	};
	objectVersion = 55;
	objects = {

/* Begin PBXBuildFile section */
		2149F4C6278EE97A00E3A3A4 /* Elements.swift in Sources */ = {isa = PBXBuildFile; fileRef = 2149F4C5278EE97A00E3A3A4 /* Elements.swift */; };
		215AE19B278B146B00A7D78E /* ToastUI in Frameworks */ = {isa = PBXBuildFile; productRef = 215AE19A278B146B00A7D78E /* ToastUI */; };
		2161FC042761714B0064DE5B /* SendMailView.swift in Sources */ = {isa = PBXBuildFile; fileRef = 2161FC032761714B0064DE5B /* SendMailView.swift */; };
		2161FC062761715A0064DE5B /* MessageView.swift in Sources */ = {isa = PBXBuildFile; fileRef = 2161FC052761715A0064DE5B /* MessageView.swift */; };
		2161FC082761DECF0064DE5B /* workWithFiles.swift in Sources */ = {isa = PBXBuildFile; fileRef = 2161FC072761DECF0064DE5B /* workWithFiles.swift */; };
		218A2C7F275C0DC9007558A2 /* SQLiteORM in Frameworks */ = {isa = PBXBuildFile; productRef = 218A2C7E275C0DC9007558A2 /* SQLiteORM */; };
		218A2C87275D4D65007558A2 /* AddMailView.swift in Sources */ = {isa = PBXBuildFile; fileRef = 218A2C86275D4D65007558A2 /* AddMailView.swift */; };
		218A2C89275D5F7E007558A2 /* MailsListView.swift in Sources */ = {isa = PBXBuildFile; fileRef = 218A2C88275D5F7E007558A2 /* MailsListView.swift */; };
		218A2C8E275E4B06007558A2 /* MailView.swift in Sources */ = {isa = PBXBuildFile; fileRef = 218A2C8D275E4B06007558A2 /* MailView.swift */; };
		218A2CBA27600D3D007558A2 /* getMessages.swift in Sources */ = {isa = PBXBuildFile; fileRef = 218A2CB927600D3D007558A2 /* getMessages.swift */; };
		218A2CBD2760CBBA007558A2 /* cryption.swift in Sources */ = {isa = PBXBuildFile; fileRef = 218A2CBC2760CBBA007558A2 /* cryption.swift */; };
		218A2CC12760DAB8007558A2 /* CryptorRSA in Frameworks */ = {isa = PBXBuildFile; productRef = 218A2CC02760DAB8007558A2 /* CryptorRSA */; };
		218A2CC32761342D007558A2 /* sendMessage.swift in Sources */ = {isa = PBXBuildFile; fileRef = 218A2CC22761342D007558A2 /* sendMessage.swift */; };
		21AC02A0275B6A6100AF7E29 /* NewTest4App.swift in Sources */ = {isa = PBXBuildFile; fileRef = 21AC029F275B6A6100AF7E29 /* NewTest4App.swift */; };
		21AC02A2275B6A6100AF7E29 /* ContentView.swift in Sources */ = {isa = PBXBuildFile; fileRef = 21AC02A1275B6A6100AF7E29 /* ContentView.swift */; };
		21AC02A4275B6A6300AF7E29 /* Assets.xcassets in Resources */ = {isa = PBXBuildFile; fileRef = 21AC02A3275B6A6300AF7E29 /* Assets.xcassets */; };
		21AC02A7275B6A6300AF7E29 /* Preview Assets.xcassets in Resources */ = {isa = PBXBuildFile; fileRef = 21AC02A6275B6A6300AF7E29 /* Preview Assets.xcassets */; };
		21AC02AF275B6E3500AF7E29 /* SQLite in Frameworks */ = {isa = PBXBuildFile; productRef = 21AC02AE275B6E3500AF7E29 /* SQLite */; };
		21AC02B2275B6E5300AF7E29 /* SwiftSMTP in Frameworks */ = {isa = PBXBuildFile; productRef = 21AC02B1275B6E5300AF7E29 /* SwiftSMTP */; };
		21AC02BC275B7BF900AF7E29 /* models.swift in Sources */ = {isa = PBXBuildFile; fileRef = 21AC02BB275B7BF900AF7E29 /* models.swift */; };
		21AC02BE275B7C0400AF7E29 /* util.swift in Sources */ = {isa = PBXBuildFile; fileRef = 21AC02BD275B7C0400AF7E29 /* util.swift */; };
		21C714302761FC380015B060 /* SwCrypt in Frameworks */ = {isa = PBXBuildFile; productRef = 21C7142F2761FC380015B060 /* SwCrypt */; };
		21CCC67C2784AE63005FD3D2 /* config.swift in Sources */ = {isa = PBXBuildFile; fileRef = 21CCC67B2784AE63005FD3D2 /* config.swift */; };
		21D934E92788643E00C1F9CA /* FoldersView.swift in Sources */ = {isa = PBXBuildFile; fileRef = 21D934E82788643E00C1F9CA /* FoldersView.swift */; };
		6A4715E77F0A6DEADF552C6C /* CheckFileView.swift in Sources */ = {isa = PBXBuildFile; fileRef = 6A4714251E84F323D66810B8 /* CheckFileView.swift */; };
		6A471D9480322FB30CDEC97C /* workWithMessages.swift in Sources */ = {isa = PBXBuildFile; fileRef = 6A471AA380ACE0CA4C9CB868 /* workWithMessages.swift */; };
/* End PBXBuildFile section */

/* Begin PBXFileReference section */
		2149F4C5278EE97A00E3A3A4 /* Elements.swift */ = {isa = PBXFileReference; lastKnownFileType = sourcecode.swift; path = Elements.swift; sourceTree = "<group>"; };
		2161FC032761714B0064DE5B /* SendMailView.swift */ = {isa = PBXFileReference; lastKnownFileType = sourcecode.swift; path = SendMailView.swift; sourceTree = "<group>"; };
		2161FC052761715A0064DE5B /* MessageView.swift */ = {isa = PBXFileReference; lastKnownFileType = sourcecode.swift; path = MessageView.swift; sourceTree = "<group>"; };
		2161FC072761DECF0064DE5B /* workWithFiles.swift */ = {isa = PBXFileReference; lastKnownFileType = sourcecode.swift; path = workWithFiles.swift; sourceTree = "<group>"; };
		218A2C86275D4D65007558A2 /* AddMailView.swift */ = {isa = PBXFileReference; lastKnownFileType = sourcecode.swift; path = AddMailView.swift; sourceTree = "<group>"; };
		218A2C88275D5F7E007558A2 /* MailsListView.swift */ = {isa = PBXFileReference; lastKnownFileType = sourcecode.swift; path = MailsListView.swift; sourceTree = "<group>"; };
		218A2C8D275E4B06007558A2 /* MailView.swift */ = {isa = PBXFileReference; lastKnownFileType = sourcecode.swift; path = MailView.swift; sourceTree = "<group>"; };
		218A2CB927600D3D007558A2 /* getMessages.swift */ = {isa = PBXFileReference; lastKnownFileType = sourcecode.swift; path = getMessages.swift; sourceTree = "<group>"; };
		218A2CBC2760CBBA007558A2 /* cryption.swift */ = {isa = PBXFileReference; lastKnownFileType = sourcecode.swift; path = cryption.swift; sourceTree = "<group>"; };
		218A2CC22761342D007558A2 /* sendMessage.swift */ = {isa = PBXFileReference; lastKnownFileType = sourcecode.swift; path = sendMessage.swift; sourceTree = "<group>"; };
		21AC029C275B6A6100AF7E29 /* NewTest4.app */ = {isa = PBXFileReference; explicitFileType = wrapper.application; includeInIndex = 0; path = NewTest4.app; sourceTree = BUILT_PRODUCTS_DIR; };
		21AC029F275B6A6100AF7E29 /* NewTest4App.swift */ = {isa = PBXFileReference; lastKnownFileType = sourcecode.swift; path = NewTest4App.swift; sourceTree = "<group>"; };
		21AC02A1275B6A6100AF7E29 /* ContentView.swift */ = {isa = PBXFileReference; lastKnownFileType = sourcecode.swift; path = ContentView.swift; sourceTree = "<group>"; };
		21AC02A3275B6A6300AF7E29 /* Assets.xcassets */ = {isa = PBXFileReference; lastKnownFileType = folder.assetcatalog; path = Assets.xcassets; sourceTree = "<group>"; };
		21AC02A6275B6A6300AF7E29 /* Preview Assets.xcassets */ = {isa = PBXFileReference; lastKnownFileType = folder.assetcatalog; path = "Preview Assets.xcassets"; sourceTree = "<group>"; };
		21AC02B3275B791C00AF7E29 /* NewTest4 */ = {isa = PBXFileReference; lastKnownFileType = folder; path = NewTest4; sourceTree = "<group>"; };
		21AC02BB275B7BF900AF7E29 /* models.swift */ = {isa = PBXFileReference; lastKnownFileType = sourcecode.swift; path = models.swift; sourceTree = "<group>"; };
		21AC02BD275B7C0400AF7E29 /* util.swift */ = {isa = PBXFileReference; lastKnownFileType = sourcecode.swift; path = util.swift; sourceTree = "<group>"; };
		21CCC67B2784AE63005FD3D2 /* config.swift */ = {isa = PBXFileReference; lastKnownFileType = sourcecode.swift; path = config.swift; sourceTree = "<group>"; };
		21CCC67D2785A2F8005FD3D2 /* NewTest4.entitlements */ = {isa = PBXFileReference; lastKnownFileType = text.plist.entitlements; path = NewTest4.entitlements; sourceTree = "<group>"; };
		21D934E52785B53E00C1F9CA /* Info.plist */ = {isa = PBXFileReference; lastKnownFileType = text.plist; path = Info.plist; sourceTree = "<group>"; };
		21D934E82788643E00C1F9CA /* FoldersView.swift */ = {isa = PBXFileReference; lastKnownFileType = sourcecode.swift; path = FoldersView.swift; sourceTree = "<group>"; };
		6A4714251E84F323D66810B8 /* CheckFileView.swift */ = {isa = PBXFileReference; fileEncoding = 4; lastKnownFileType = sourcecode.swift; path = CheckFileView.swift; sourceTree = "<group>"; };
		6A471AA380ACE0CA4C9CB868 /* workWithMessages.swift */ = {isa = PBXFileReference; fileEncoding = 4; lastKnownFileType = sourcecode.swift; path = workWithMessages.swift; sourceTree = "<group>"; };
/* End PBXFileReference section */

/* Begin PBXFrameworksBuildPhase section */
		21AC0299275B6A6100AF7E29 /* Frameworks */ = {
			isa = PBXFrameworksBuildPhase;
			buildActionMask = 2147483647;
			files = (
				215AE19B278B146B00A7D78E /* ToastUI in Frameworks */,
				218A2C7F275C0DC9007558A2 /* SQLiteORM in Frameworks */,
				21AC02B2275B6E5300AF7E29 /* SwiftSMTP in Frameworks */,
				21C714302761FC380015B060 /* SwCrypt in Frameworks */,
				218A2CC12760DAB8007558A2 /* CryptorRSA in Frameworks */,
				21AC02AF275B6E3500AF7E29 /* SQLite in Frameworks */,
			);
			runOnlyForDeploymentPostprocessing = 0;
		};
/* End PBXFrameworksBuildPhase section */

/* Begin PBXGroup section */
		218A2C7A275BA90C007558A2 /* Views */ = {
			isa = PBXGroup;
			children = (
				218A2C86275D4D65007558A2 /* AddMailView.swift */,
				218A2C88275D5F7E007558A2 /* MailsListView.swift */,
				218A2C8D275E4B06007558A2 /* MailView.swift */,
				2161FC032761714B0064DE5B /* SendMailView.swift */,
				2161FC052761715A0064DE5B /* MessageView.swift */,
				21D934E82788643E00C1F9CA /* FoldersView.swift */,
				2149F4C5278EE97A00E3A3A4 /* Elements.swift */,
				6A4714251E84F323D66810B8 /* CheckFileView.swift */,
			);
			path = Views;
			sourceTree = "<group>";
		};
		218A2CBB2760CB6E007558A2 /* services */ = {
			isa = PBXGroup;
			children = (
				218A2CB927600D3D007558A2 /* getMessages.swift */,
				218A2CBC2760CBBA007558A2 /* cryption.swift */,
				218A2CC22761342D007558A2 /* sendMessage.swift */,
				2161FC072761DECF0064DE5B /* workWithFiles.swift */,
				6A471AA380ACE0CA4C9CB868 /* workWithMessages.swift */,
			);
			path = services;
			sourceTree = "<group>";
		};
		21AC0293275B6A6100AF7E29 = {
			isa = PBXGroup;
			children = (
				21AC029E275B6A6100AF7E29 /* NewTest4 */,
				21AC029D275B6A6100AF7E29 /* Products */,
			);
			sourceTree = "<group>";
		};
		21AC029D275B6A6100AF7E29 /* Products */ = {
			isa = PBXGroup;
			children = (
				21AC029C275B6A6100AF7E29 /* NewTest4.app */,
			);
			name = Products;
			sourceTree = "<group>";
		};
		21AC029E275B6A6100AF7E29 /* NewTest4 */ = {
			isa = PBXGroup;
			children = (
				21D934E52785B53E00C1F9CA /* Info.plist */,
				21CCC67D2785A2F8005FD3D2 /* NewTest4.entitlements */,
				218A2CBB2760CB6E007558A2 /* services */,
				218A2C7A275BA90C007558A2 /* Views */,
				21AC02BA275B7BE100AF7E29 /* Database */,
				21AC029F275B6A6100AF7E29 /* NewTest4App.swift */,
				21AC02A1275B6A6100AF7E29 /* ContentView.swift */,
				21AC02B3275B791C00AF7E29 /* NewTest4 */,
				21AC02A3275B6A6300AF7E29 /* Assets.xcassets */,
				21AC02A5275B6A6300AF7E29 /* Preview Content */,
				21CCC67B2784AE63005FD3D2 /* config.swift */,
			);
			path = NewTest4;
			sourceTree = "<group>";
		};
		21AC02A5275B6A6300AF7E29 /* Preview Content */ = {
			isa = PBXGroup;
			children = (
				21AC02A6275B6A6300AF7E29 /* Preview Assets.xcassets */,
			);
			path = "Preview Content";
			sourceTree = "<group>";
		};
		21AC02BA275B7BE100AF7E29 /* Database */ = {
			isa = PBXGroup;
			children = (
				21AC02BB275B7BF900AF7E29 /* models.swift */,
				21AC02BD275B7C0400AF7E29 /* util.swift */,
			);
			path = Database;
			sourceTree = "<group>";
		};
/* End PBXGroup section */

/* Begin PBXNativeTarget section */
		21AC029B275B6A6100AF7E29 /* NewTest4 */ = {
			isa = PBXNativeTarget;
			buildConfigurationList = 21AC02AA275B6A6300AF7E29 /* Build configuration list for PBXNativeTarget "NewTest4" */;
			buildPhases = (
				21AC0298275B6A6100AF7E29 /* Sources */,
				21AC0299275B6A6100AF7E29 /* Frameworks */,
				21AC029A275B6A6100AF7E29 /* Resources */,
			);
			buildRules = (
			);
			dependencies = (
			);
			name = NewTest4;
			packageProductDependencies = (
				21AC02AE275B6E3500AF7E29 /* SQLite */,
				21AC02B1275B6E5300AF7E29 /* SwiftSMTP */,
				218A2C7E275C0DC9007558A2 /* SQLiteORM */,
				218A2CC02760DAB8007558A2 /* CryptorRSA */,
				21C7142F2761FC380015B060 /* SwCrypt */,
				215AE19A278B146B00A7D78E /* ToastUI */,
			);
			productName = NewTest4;
			productReference = 21AC029C275B6A6100AF7E29 /* NewTest4.app */;
			productType = "com.apple.product-type.application";
		};
/* End PBXNativeTarget section */

/* Begin PBXProject section */
		21AC0294275B6A6100AF7E29 /* Project object */ = {
			isa = PBXProject;
			attributes = {
				BuildIndependentTargetsInParallel = 1;
				LastSwiftUpdateCheck = 1310;
				LastUpgradeCheck = 1310;
				TargetAttributes = {
					21AC029B275B6A6100AF7E29 = {
						CreatedOnToolsVersion = 13.1;
					};
				};
			};
			buildConfigurationList = 21AC0297275B6A6100AF7E29 /* Build configuration list for PBXProject "NewTest4" */;
			compatibilityVersion = "Xcode 13.0";
			developmentRegion = en;
			hasScannedForEncodings = 0;
			knownRegions = (
				en,
				Base,
			);
			mainGroup = 21AC0293275B6A6100AF7E29;
			packageReferences = (
				21AC02AD275B6E3500AF7E29 /* XCRemoteSwiftPackageReference "SQLite.swift" */,
				21AC02B0275B6E5300AF7E29 /* XCRemoteSwiftPackageReference "Swift-SMTP" */,
				218A2C7D275C0DC9007558A2 /* XCRemoteSwiftPackageReference "sqlite-orm-swift" */,
				218A2CBF2760DAB8007558A2 /* XCRemoteSwiftPackageReference "BlueRSA" */,
				21C7142E2761FC380015B060 /* XCRemoteSwiftPackageReference "SwCrypt" */,
				215AE199278B146B00A7D78E /* XCRemoteSwiftPackageReference "ToastUI" */,
			);
			productRefGroup = 21AC029D275B6A6100AF7E29 /* Products */;
			projectDirPath = "";
			projectRoot = "";
			targets = (
				21AC029B275B6A6100AF7E29 /* NewTest4 */,
			);
		};
/* End PBXProject section */

/* Begin PBXResourcesBuildPhase section */
		21AC029A275B6A6100AF7E29 /* Resources */ = {
			isa = PBXResourcesBuildPhase;
			buildActionMask = 2147483647;
			files = (
				21AC02A7275B6A6300AF7E29 /* Preview Assets.xcassets in Resources */,
				21AC02A4275B6A6300AF7E29 /* Assets.xcassets in Resources */,
			);
			runOnlyForDeploymentPostprocessing = 0;
		};
/* End PBXResourcesBuildPhase section */

/* Begin PBXSourcesBuildPhase section */
		21AC0298275B6A6100AF7E29 /* Sources */ = {
			isa = PBXSourcesBuildPhase;
			buildActionMask = 2147483647;
			files = (
				21AC02A2275B6A6100AF7E29 /* ContentView.swift in Sources */,
				218A2CC32761342D007558A2 /* sendMessage.swift in Sources */,
				21D934E92788643E00C1F9CA /* FoldersView.swift in Sources */,
				218A2CBA27600D3D007558A2 /* getMessages.swift in Sources */,
				21CCC67C2784AE63005FD3D2 /* config.swift in Sources */,
				21AC02BC275B7BF900AF7E29 /* models.swift in Sources */,
				218A2CBD2760CBBA007558A2 /* cryption.swift in Sources */,
				2161FC062761715A0064DE5B /* MessageView.swift in Sources */,
				2161FC082761DECF0064DE5B /* workWithFiles.swift in Sources */,
				2149F4C6278EE97A00E3A3A4 /* Elements.swift in Sources */,
				2161FC042761714B0064DE5B /* SendMailView.swift in Sources */,
				218A2C89275D5F7E007558A2 /* MailsListView.swift in Sources */,
				21AC02A0275B6A6100AF7E29 /* NewTest4App.swift in Sources */,
				21AC02BE275B7C0400AF7E29 /* util.swift in Sources */,
				218A2C87275D4D65007558A2 /* AddMailView.swift in Sources */,
				218A2C8E275E4B06007558A2 /* MailView.swift in Sources */,
				6A471D9480322FB30CDEC97C /* workWithMessages.swift in Sources */,
				6A4715E77F0A6DEADF552C6C /* CheckFileView.swift in Sources */,
			);
			runOnlyForDeploymentPostprocessing = 0;
		};
/* End PBXSourcesBuildPhase section */

/* Begin XCBuildConfiguration section */
		21AC02A8275B6A6300AF7E29 /* Debug */ = {
			isa = XCBuildConfiguration;
			buildSettings = {
				ALWAYS_SEARCH_USER_PATHS = NO;
				CLANG_ANALYZER_NONNULL = YES;
				CLANG_ANALYZER_NUMBER_OBJECT_CONVERSION = YES_AGGRESSIVE;
				CLANG_CXX_LANGUAGE_STANDARD = "gnu++17";
				CLANG_CXX_LIBRARY = "libc++";
				CLANG_ENABLE_MODULES = YES;
				CLANG_ENABLE_OBJC_ARC = YES;
				CLANG_ENABLE_OBJC_WEAK = YES;
				CLANG_WARN_BLOCK_CAPTURE_AUTORELEASING = YES;
				CLANG_WARN_BOOL_CONVERSION = YES;
				CLANG_WARN_COMMA = YES;
				CLANG_WARN_CONSTANT_CONVERSION = YES;
				CLANG_WARN_DEPRECATED_OBJC_IMPLEMENTATIONS = YES;
				CLANG_WARN_DIRECT_OBJC_ISA_USAGE = YES_ERROR;
				CLANG_WARN_DOCUMENTATION_COMMENTS = YES;
				CLANG_WARN_EMPTY_BODY = YES;
				CLANG_WARN_ENUM_CONVERSION = YES;
				CLANG_WARN_INFINITE_RECURSION = YES;
				CLANG_WARN_INT_CONVERSION = YES;
				CLANG_WARN_NON_LITERAL_NULL_CONVERSION = YES;
				CLANG_WARN_OBJC_IMPLICIT_RETAIN_SELF = YES;
				CLANG_WARN_OBJC_LITERAL_CONVERSION = YES;
				CLANG_WARN_OBJC_ROOT_CLASS = YES_ERROR;
				CLANG_WARN_QUOTED_INCLUDE_IN_FRAMEWORK_HEADER = YES;
				CLANG_WARN_RANGE_LOOP_ANALYSIS = YES;
				CLANG_WARN_STRICT_PROTOTYPES = YES;
				CLANG_WARN_SUSPICIOUS_MOVE = YES;
				CLANG_WARN_UNGUARDED_AVAILABILITY = YES_AGGRESSIVE;
				CLANG_WARN_UNREACHABLE_CODE = YES;
				CLANG_WARN__DUPLICATE_METHOD_MATCH = YES;
				COPY_PHASE_STRIP = NO;
				DEBUG_INFORMATION_FORMAT = dwarf;
				ENABLE_STRICT_OBJC_MSGSEND = YES;
				ENABLE_TESTABILITY = YES;
				GCC_C_LANGUAGE_STANDARD = gnu11;
				GCC_DYNAMIC_NO_PIC = NO;
				GCC_NO_COMMON_BLOCKS = YES;
				GCC_OPTIMIZATION_LEVEL = 0;
				GCC_PREPROCESSOR_DEFINITIONS = (
					"DEBUG=1",
					"$(inherited)",
				);
				GCC_WARN_64_TO_32_BIT_CONVERSION = YES;
				GCC_WARN_ABOUT_RETURN_TYPE = YES_ERROR;
				GCC_WARN_UNDECLARED_SELECTOR = YES;
				GCC_WARN_UNINITIALIZED_AUTOS = YES_AGGRESSIVE;
				GCC_WARN_UNUSED_FUNCTION = YES;
				GCC_WARN_UNUSED_VARIABLE = YES;
				IPHONEOS_DEPLOYMENT_TARGET = 15.0;
				MTL_ENABLE_DEBUG_INFO = INCLUDE_SOURCE;
				MTL_FAST_MATH = YES;
				ONLY_ACTIVE_ARCH = YES;
				SDKROOT = iphoneos;
				SWIFT_ACTIVE_COMPILATION_CONDITIONS = DEBUG;
				SWIFT_OPTIMIZATION_LEVEL = "-Onone";
			};
			name = Debug;
		};
		21AC02A9275B6A6300AF7E29 /* Release */ = {
			isa = XCBuildConfiguration;
			buildSettings = {
				ALWAYS_SEARCH_USER_PATHS = NO;
				CLANG_ANALYZER_NONNULL = YES;
				CLANG_ANALYZER_NUMBER_OBJECT_CONVERSION = YES_AGGRESSIVE;
				CLANG_CXX_LANGUAGE_STANDARD = "gnu++17";
				CLANG_CXX_LIBRARY = "libc++";
				CLANG_ENABLE_MODULES = YES;
				CLANG_ENABLE_OBJC_ARC = YES;
				CLANG_ENABLE_OBJC_WEAK = YES;
				CLANG_WARN_BLOCK_CAPTURE_AUTORELEASING = YES;
				CLANG_WARN_BOOL_CONVERSION = YES;
				CLANG_WARN_COMMA = YES;
				CLANG_WARN_CONSTANT_CONVERSION = YES;
				CLANG_WARN_DEPRECATED_OBJC_IMPLEMENTATIONS = YES;
				CLANG_WARN_DIRECT_OBJC_ISA_USAGE = YES_ERROR;
				CLANG_WARN_DOCUMENTATION_COMMENTS = YES;
				CLANG_WARN_EMPTY_BODY = YES;
				CLANG_WARN_ENUM_CONVERSION = YES;
				CLANG_WARN_INFINITE_RECURSION = YES;
				CLANG_WARN_INT_CONVERSION = YES;
				CLANG_WARN_NON_LITERAL_NULL_CONVERSION = YES;
				CLANG_WARN_OBJC_IMPLICIT_RETAIN_SELF = YES;
				CLANG_WARN_OBJC_LITERAL_CONVERSION = YES;
				CLANG_WARN_OBJC_ROOT_CLASS = YES_ERROR;
				CLANG_WARN_QUOTED_INCLUDE_IN_FRAMEWORK_HEADER = YES;
				CLANG_WARN_RANGE_LOOP_ANALYSIS = YES;
				CLANG_WARN_STRICT_PROTOTYPES = YES;
				CLANG_WARN_SUSPICIOUS_MOVE = YES;
				CLANG_WARN_UNGUARDED_AVAILABILITY = YES_AGGRESSIVE;
				CLANG_WARN_UNREACHABLE_CODE = YES;
				CLANG_WARN__DUPLICATE_METHOD_MATCH = YES;
				COPY_PHASE_STRIP = NO;
				DEBUG_INFORMATION_FORMAT = "dwarf-with-dsym";
				ENABLE_NS_ASSERTIONS = NO;
				ENABLE_STRICT_OBJC_MSGSEND = YES;
				GCC_C_LANGUAGE_STANDARD = gnu11;
				GCC_NO_COMMON_BLOCKS = YES;
				GCC_WARN_64_TO_32_BIT_CONVERSION = YES;
				GCC_WARN_ABOUT_RETURN_TYPE = YES_ERROR;
				GCC_WARN_UNDECLARED_SELECTOR = YES;
				GCC_WARN_UNINITIALIZED_AUTOS = YES_AGGRESSIVE;
				GCC_WARN_UNUSED_FUNCTION = YES;
				GCC_WARN_UNUSED_VARIABLE = YES;
				IPHONEOS_DEPLOYMENT_TARGET = 15.0;
				MTL_ENABLE_DEBUG_INFO = NO;
				MTL_FAST_MATH = YES;
				SDKROOT = iphoneos;
				SWIFT_COMPILATION_MODE = wholemodule;
				SWIFT_OPTIMIZATION_LEVEL = "-O";
				VALIDATE_PRODUCT = YES;
			};
			name = Release;
		};
		21AC02AB275B6A6300AF7E29 /* Debug */ = {
			isa = XCBuildConfiguration;
			buildSettings = {
				ASSETCATALOG_COMPILER_APPICON_NAME = AppIcon;
				ASSETCATALOG_COMPILER_GLOBAL_ACCENT_COLOR_NAME = AccentColor;
				CODE_SIGN_ENTITLEMENTS = NewTest4/NewTest4.entitlements;
				CODE_SIGN_STYLE = Automatic;
				CURRENT_PROJECT_VERSION = 1;
				DEVELOPMENT_ASSET_PATHS = "\"NewTest4/Preview Content\"";
				DEVELOPMENT_TEAM = GG74RZ239K;
				ENABLE_PREVIEWS = YES;
				GENERATE_INFOPLIST_FILE = YES;
				INFOPLIST_FILE = NewTest4/Info.plist;
				INFOPLIST_KEY_UIApplicationSceneManifest_Generation = YES;
				INFOPLIST_KEY_UIApplicationSupportsIndirectInputEvents = YES;
				INFOPLIST_KEY_UILaunchScreen_Generation = YES;
				INFOPLIST_KEY_UISupportedInterfaceOrientations_iPad = "UIInterfaceOrientationPortrait UIInterfaceOrientationPortraitUpsideDown UIInterfaceOrientationLandscapeLeft UIInterfaceOrientationLandscapeRight";
				INFOPLIST_KEY_UISupportedInterfaceOrientations_iPhone = "UIInterfaceOrientationPortrait UIInterfaceOrientationLandscapeLeft UIInterfaceOrientationLandscapeRight";
				LD_RUNPATH_SEARCH_PATHS = (
					"$(inherited)",
					"@executable_path/Frameworks",
				);
				MARKETING_VERSION = 1.0;
				PRODUCT_BUNDLE_IDENTIFIER = mycompany.NewTest4;
				PRODUCT_NAME = "$(TARGET_NAME)";
				SWIFT_EMIT_LOC_STRINGS = YES;
				SWIFT_VERSION = 5.0;
				TARGETED_DEVICE_FAMILY = 1;
			};
			name = Debug;
		};
		21AC02AC275B6A6300AF7E29 /* Release */ = {
			isa = XCBuildConfiguration;
			buildSettings = {
				ASSETCATALOG_COMPILER_APPICON_NAME = AppIcon;
				ASSETCATALOG_COMPILER_GLOBAL_ACCENT_COLOR_NAME = AccentColor;
				CODE_SIGN_ENTITLEMENTS = NewTest4/NewTest4.entitlements;
				CODE_SIGN_STYLE = Automatic;
				CURRENT_PROJECT_VERSION = 1;
				DEVELOPMENT_ASSET_PATHS = "\"NewTest4/Preview Content\"";
				DEVELOPMENT_TEAM = GG74RZ239K;
				ENABLE_PREVIEWS = YES;
				GENERATE_INFOPLIST_FILE = YES;
				INFOPLIST_FILE = NewTest4/Info.plist;
				INFOPLIST_KEY_UIApplicationSceneManifest_Generation = YES;
				INFOPLIST_KEY_UIApplicationSupportsIndirectInputEvents = YES;
				INFOPLIST_KEY_UILaunchScreen_Generation = YES;
				INFOPLIST_KEY_UISupportedInterfaceOrientations_iPad = "UIInterfaceOrientationPortrait UIInterfaceOrientationPortraitUpsideDown UIInterfaceOrientationLandscapeLeft UIInterfaceOrientationLandscapeRight";
				INFOPLIST_KEY_UISupportedInterfaceOrientations_iPhone = "UIInterfaceOrientationPortrait UIInterfaceOrientationLandscapeLeft UIInterfaceOrientationLandscapeRight";
				LD_RUNPATH_SEARCH_PATHS = (
					"$(inherited)",
					"@executable_path/Frameworks",
				);
				MARKETING_VERSION = 1.0;
				PRODUCT_BUNDLE_IDENTIFIER = mycompany.NewTest4;
				PRODUCT_NAME = "$(TARGET_NAME)";
				SWIFT_EMIT_LOC_STRINGS = YES;
				SWIFT_VERSION = 5.0;
				TARGETED_DEVICE_FAMILY = 1;
			};
			name = Release;
		};
/* End XCBuildConfiguration section */

/* Begin XCConfigurationList section */
		21AC0297275B6A6100AF7E29 /* Build configuration list for PBXProject "NewTest4" */ = {
			isa = XCConfigurationList;
			buildConfigurations = (
				21AC02A8275B6A6300AF7E29 /* Debug */,
				21AC02A9275B6A6300AF7E29 /* Release */,
			);
			defaultConfigurationIsVisible = 0;
			defaultConfigurationName = Release;
		};
		21AC02AA275B6A6300AF7E29 /* Build configuration list for PBXNativeTarget "NewTest4" */ = {
			isa = XCConfigurationList;
			buildConfigurations = (
				21AC02AB275B6A6300AF7E29 /* Debug */,
				21AC02AC275B6A6300AF7E29 /* Release */,
			);
			defaultConfigurationIsVisible = 0;
			defaultConfigurationName = Release;
		};
/* End XCConfigurationList section */

/* Begin XCRemoteSwiftPackageReference section */
		215AE199278B146B00A7D78E /* XCRemoteSwiftPackageReference "ToastUI" */ = {
			isa = XCRemoteSwiftPackageReference;
			repositoryURL = "https://github.com/quanshousio/ToastUI";
			requirement = {
				kind = upToNextMajorVersion;
				minimumVersion = 2.0.0;
			};
		};
		218A2C7D275C0DC9007558A2 /* XCRemoteSwiftPackageReference "sqlite-orm-swift" */ = {
			isa = XCRemoteSwiftPackageReference;
			repositoryURL = "https://github.com/fnc12/sqlite-orm-swift";
			requirement = {
				branch = master;
				kind = branch;
			};
		};
		218A2CBF2760DAB8007558A2 /* XCRemoteSwiftPackageReference "BlueRSA" */ = {
			isa = XCRemoteSwiftPackageReference;
			repositoryURL = "https://github.com/Kitura/BlueRSA";
			requirement = {
				branch = master;
				kind = branch;
			};
		};
		21AC02AD275B6E3500AF7E29 /* XCRemoteSwiftPackageReference "SQLite.swift" */ = {
			isa = XCRemoteSwiftPackageReference;
			repositoryURL = "https://github.com/stephencelis/SQLite.swift";
			requirement = {
				branch = master;
				kind = branch;
			};
		};
		21AC02B0275B6E5300AF7E29 /* XCRemoteSwiftPackageReference "Swift-SMTP" */ = {
			isa = XCRemoteSwiftPackageReference;
			repositoryURL = "https://github.com/Kitura/Swift-SMTP";
			requirement = {
				branch = master;
				kind = branch;
			};
		};
		21C7142E2761FC380015B060 /* XCRemoteSwiftPackageReference "SwCrypt" */ = {
			isa = XCRemoteSwiftPackageReference;
			repositoryURL = "https://github.com/soyersoyer/SwCrypt";
			requirement = {
				kind = upToNextMajorVersion;
				minimumVersion = 5.0.0;
			};
		};
/* End XCRemoteSwiftPackageReference section */

/* Begin XCSwiftPackageProductDependency section */
		215AE19A278B146B00A7D78E /* ToastUI */ = {
			isa = XCSwiftPackageProductDependency;
			package = 215AE199278B146B00A7D78E /* XCRemoteSwiftPackageReference "ToastUI" */;
			productName = ToastUI;
		};
		218A2C7E275C0DC9007558A2 /* SQLiteORM */ = {
			isa = XCSwiftPackageProductDependency;
			package = 218A2C7D275C0DC9007558A2 /* XCRemoteSwiftPackageReference "sqlite-orm-swift" */;
			productName = SQLiteORM;
		};
		218A2CC02760DAB8007558A2 /* CryptorRSA */ = {
			isa = XCSwiftPackageProductDependency;
			package = 218A2CBF2760DAB8007558A2 /* XCRemoteSwiftPackageReference "BlueRSA" */;
			productName = CryptorRSA;
		};
		21AC02AE275B6E3500AF7E29 /* SQLite */ = {
			isa = XCSwiftPackageProductDependency;
			package = 21AC02AD275B6E3500AF7E29 /* XCRemoteSwiftPackageReference "SQLite.swift" */;
			productName = SQLite;
		};
		21AC02B1275B6E5300AF7E29 /* SwiftSMTP */ = {
			isa = XCSwiftPackageProductDependency;
			package = 21AC02B0275B6E5300AF7E29 /* XCRemoteSwiftPackageReference "Swift-SMTP" */;
			productName = SwiftSMTP;
		};
		21C7142F2761FC380015B060 /* SwCrypt */ = {
			isa = XCSwiftPackageProductDependency;
			package = 21C7142E2761FC380015B060 /* XCRemoteSwiftPackageReference "SwCrypt" */;
			productName = SwCrypt;
		};
/* End XCSwiftPackageProductDependency section */
	};
	rootObject = 21AC0294275B6A6100AF7E29 /* Project object */;
}
